{
  "name": "weel-translate",
  "version": "1.0.0",
  "lockfileVersion": 1,
  "requires": true,
  "dependencies": {
    "colors": {
      "version": "0.6.2",
      "resolved": "http://registry.npm.taobao.org/colors/download/colors-0.6.2.tgz",
      "integrity": "sha1-JCP+ZnisDF2uiFLl0OW+CMmXq8w=",
      "dev": true
    },
    "commander": {
      "version": "2.3.0",
      "resolved": "http://registry.npm.taobao.org/commander/download/commander-2.3.0.tgz",
      "integrity": "sha1-/UMOiJgy7DU7ms0d4hfBHLPu+HM=",
      "dev": true
    },
    "crc": {
      "version": "3.0.0",
      "resolved": "http://registry.npm.taobao.org/crc/download/crc-3.0.0.tgz",
      "integrity": "sha1-0R6X7ESoROXrFadPoseHXQqsSyI=",
      "dev": true
    },
    "debug": {
      "version": "2.0.0",
      "resolved": "http://registry.npm.taobao.org/debug/download/debug-2.0.0.tgz",
      "integrity": "sha1-ib2d9nMrUSVrxnBTQrugLtEhMe8=",
      "dev": true,
      "requires": {
        "ms": "0.6.2"
      }
    },
    "depd": {
      "version": "0.4.5",
      "resolved": "http://registry.npm.taobao.org/depd/download/depd-0.4.5.tgz",
      "integrity": "sha1-GmZLUziLSmVz6K5ntfdnxpPKl/E=",
      "dev": true
    },
    "destroy": {
      "version": "1.0.3",
      "resolved": "http://registry.npm.taobao.org/destroy/download/destroy-1.0.3.tgz",
      "integrity": "sha1-tDO0ck5x/YVR2YhRdIUcX8N34sk=",
      "dev": true
    },
    "ee-first": {
      "version": "1.0.5",
      "resolved": "http://registry.npm.taobao.org/ee-first/download/ee-first-1.0.5.tgz",
      "integrity": "sha1-jJshKJjYzZ8alDZlDOe+ICyen/A=",
      "dev": true
    },
    "escape-html": {
      "version": "1.0.1",
      "resolved": "http://registry.npm.taobao.org/escape-html/download/escape-html-1.0.1.tgz",
      "integrity": "sha1-GBoobq05ejmpKFfPsdQwUuNWv/A=",
      "dev": true
    },
    "etag": {
      "version": "1.4.0",
      "resolved": "http://registry.npm.taobao.org/etag/download/etag-1.4.0.tgz",
      "integrity": "sha1-MFCZFhWFdwfAQRnQdbogiOBwEiU=",
      "dev": true,
      "requires": {
        "crc": "3.0.0"
      }
    },
    "fresh": {
      "version": "0.2.4",
      "resolved": "http://registry.npm.taobao.org/fresh/download/fresh-0.2.4.tgz",
      "integrity": "sha1-NYJJkgbJcjcUGQ7ddLRgT+tKYUw=",
      "dev": true
    },
    "fsmonitor": {
      "version": "0.2.4",
      "resolved": "http://registry.npm.taobao.org/fsmonitor/download/fsmonitor-0.2.4.tgz",
      "integrity": "sha1-z8xbyfle7wXrYZaQJAhxp7x+6CY=",
      "dev": true,
      "requires": {
        "debug": "0.7.4",
        "pathspec": "0.9.2"
      },
      "dependencies": {
        "debug": {
          "version": "0.7.4",
          "resolved": "http://registry.npm.taobao.org/debug/download/debug-0.7.4.tgz",
          "integrity": "sha1-BuHqgILCyxTjmAbiLi9vdX+Srzk=",
          "dev": true
        }
      }
    },
    "http-proxy": {
      "version": "0.8.7",
      "resolved": "http://registry.npm.taobao.org/http-proxy/download/http-proxy-0.8.7.tgz",
      "integrity": "sha1-p7xThhgJLNJu0ZHkYlkzuu9t6A4=",
      "dev": true,
      "requires": {
        "colors": "0.6.2",
        "optimist": "0.3.7",
        "pkginfo": "0.2.3"
      }
    },
    "livereloadx": {
      "version": "0.3.9",
      "resolved": "http://registry.npm.taobao.org/livereloadx/download/livereloadx-0.3.9.tgz",
      "integrity": "sha1-2T62oP4IgvVHOpDYXG4L3AU+yyE=",
      "dev": true,
      "requires": {
        "commander": "2.3.0",
        "debug": "2.0.0",
        "fsmonitor": "0.2.4",
        "http-proxy": "0.8.7",
        "minimatch": "0.2.14",
        "pause": "0.0.1",
        "send": "0.9.3",
        "ws": "0.8.1"
      }
    },
    "lru-cache": {
      "version": "2.7.3",
      "resolved": "http://registry.npm.taobao.org/lru-cache/download/lru-cache-2.7.3.tgz",
      "integrity": "sha1-bUUk6LlV+V1PW1iFHOId1y+06VI=",
      "dev": true
    },
    "mime": {
      "version": "1.2.11",
      "resolved": "http://registry.npm.taobao.org/mime/download/mime-1.2.11.tgz",
      "integrity": "sha1-WCA+7Ybjpe8XrtK32evUfwpg3RA=",
      "dev": true
    },
    "minimatch": {
      "version": "0.2.14",
      "resolved": "http://registry.npm.taobao.org/minimatch/download/minimatch-0.2.14.tgz",
      "integrity": "sha1-x054BXT2PG+aCQ6Q775u9TpqdWo=",
      "dev": true,
      "requires": {
        "lru-cache": "2.7.3",
        "sigmund": "1.0.1"
      }
    },
    "ms": {
      "version": "0.6.2",
      "resolved": "http://registry.npm.taobao.org/ms/download/ms-0.6.2.tgz",
      "integrity": "sha1-2JwhJMb9wTU9Zai3e/GqxLGTcIw=",
      "dev": true
    },
    "on-finished": {
      "version": "2.1.0",
      "resolved": "http://registry.npm.taobao.org/on-finished/download/on-finished-2.1.0.tgz",
      "integrity": "sha1-DFOfCSkej/rd4MiiWFD7LO3HAi0=",
      "dev": true,
      "requires": {
        "ee-first": "1.0.5"
      }
    },
    "optimist": {
      "version": "0.3.7",
      "resolved": "http://registry.npm.taobao.org/optimist/download/optimist-0.3.7.tgz",
      "integrity": "sha1-yQlBrVnkJzMokjB00s8ufLxuwNk=",
      "dev": true,
      "requires": {
        "wordwrap": "0.0.3"
      }
    },
    "options": {
      "version": "0.0.6",
      "resolved": "http://registry.npm.taobao.org/options/download/options-0.0.6.tgz",
      "integrity": "sha1-7CLTEoBrtT5zF3Pnza788cZDEo8=",
      "dev": true
    },
    "pathspec": {
      "version": "0.9.2",
      "resolved": "http://registry.npm.taobao.org/pathspec/download/pathspec-0.9.2.tgz",
      "integrity": "sha1-ryMrBZr8+ZmQLN0k+MpgpBVqNjc=",
      "dev": true
    },
    "pause": {
      "version": "0.0.1",
      "resolved": "http://registry.npm.taobao.org/pause/download/pause-0.0.1.tgz",
      "integrity": "sha1-HUCLP9t2kjuVQ9lvtMnf1TXZy10=",
      "dev": true
    },
    "pkginfo": {
      "version": "0.2.3",
      "resolved": "http://registry.npm.taobao.org/pkginfo/download/pkginfo-0.2.3.tgz",
      "integrity": "sha1-cjnEKl72wwuPMoQ52bn/cQQkkPg=",
      "dev": true
    },
    "range-parser": {
      "version": "1.0.3",
      "resolved": "http://registry.npm.taobao.org/range-parser/download/range-parser-1.0.3.tgz",
      "integrity": "sha1-aHKCNTXGkuLCoBA4Jq/YLC4P8XU=",
      "dev": true
    },
    "send": {
      "version": "0.9.3",
      "resolved": "http://registry.npm.taobao.org/send/download/send-0.9.3.tgz",
      "integrity": "sha1-tDp0FM0Im3++ybdVJG98N7e4XMA=",
      "dev": true,
      "requires": {
        "debug": "2.0.0",
        "depd": "0.4.5",
        "destroy": "1.0.3",
        "escape-html": "1.0.1",
        "etag": "1.4.0",
        "fresh": "0.2.4",
        "mime": "1.2.11",
        "ms": "0.6.2",
        "on-finished": "2.1.0",
        "range-parser": "1.0.3"
      }
    },
    "sigmund": {
      "version": "1.0.1",
      "resolved": "http://registry.npm.taobao.org/sigmund/download/sigmund-1.0.1.tgz",
      "integrity": "sha1-P/IfGYytIXX587eBhT/ZTQ0ZtZA=",
      "dev": true
    },
    "ultron": {
      "version": "1.0.2",
      "resolved": "http://registry.npm.taobao.org/ultron/download/ultron-1.0.2.tgz",
      "integrity": "sha1-rOEWq1V80Zc4ak6I9GhTeMiy5Po=",
      "dev": true
    },
    "wordwrap": {
      "version": "0.0.3",
      "resolved": "http://registry.npm.taobao.org/wordwrap/download/wordwrap-0.0.3.tgz",
      "integrity": "sha1-o9XabNXAvAAI03I0u68b7WMFkQc=",
      "dev": true
    },
    "ws": {
      "version": "0.8.1",
      "resolved": "http://registry.npm.taobao.org/ws/download/ws-0.8.1.tgz",
      "integrity": "sha1-a2UnO5kZPF8Gekz1gJWY93fjt1k=",
      "dev": true,
      "requires": {
        "options": "0.0.6",
        "ultron": "1.0.2"
      }
    }
  }
}
